// !$*UTF8*$!
{
	archiveVersion = 1;
	classes = {
	};
	objectVersion = 46;
	objects = {

/* Begin PBXBuildFile section */
		48093F1218526CB700F6DDAD /* Foundation.framework in Frameworks */ = {isa = PBXBuildFile; fileRef = 48093F1118526CB700F6DDAD /* Foundation.framework */; };
		48093F1418526CB700F6DDAD /* CoreGraphics.framework in Frameworks */ = {isa = PBXBuildFile; fileRef = 48093F1318526CB700F6DDAD /* CoreGraphics.framework */; };
		48093F1618526CB700F6DDAD /* UIKit.framework in Frameworks */ = {isa = PBXBuildFile; fileRef = 48093F1518526CB700F6DDAD /* UIKit.framework */; };
		48093F1C18526CB700F6DDAD /* InfoPlist.strings in Resources */ = {isa = PBXBuildFile; fileRef = 48093F1A18526CB700F6DDAD /* InfoPlist.strings */; };
		48093F1E18526CB700F6DDAD /* main.m in Sources */ = {isa = PBXBuildFile; fileRef = 48093F1D18526CB700F6DDAD /* main.m */; };
		48093F2218526CB700F6DDAD /* AppDelegate.m in Sources */ = {isa = PBXBuildFile; fileRef = 48093F2118526CB700F6DDAD /* AppDelegate.m */; };
		48093F2518526CB700F6DDAD /* Main_iPhone.storyboard in Resources */ = {isa = PBXBuildFile; fileRef = 48093F2318526CB700F6DDAD /* Main_iPhone.storyboard */; };
		48093F2D18526CB700F6DDAD /* Images.xcassets in Resources */ = {isa = PBXBuildFile; fileRef = 48093F2C18526CB700F6DDAD /* Images.xcassets */; };
		48093F3418526CB700F6DDAD /* XCTest.framework in Frameworks */ = {isa = PBXBuildFile; fileRef = 48093F3318526CB700F6DDAD /* XCTest.framework */; };
		48093F3518526CB700F6DDAD /* Foundation.framework in Frameworks */ = {isa = PBXBuildFile; fileRef = 48093F1118526CB700F6DDAD /* Foundation.framework */; };
		48093F3618526CB700F6DDAD /* UIKit.framework in Frameworks */ = {isa = PBXBuildFile; fileRef = 48093F1518526CB700F6DDAD /* UIKit.framework */; };
		48093F3E18526CB700F6DDAD /* InfoPlist.strings in Resources */ = {isa = PBXBuildFile; fileRef = 48093F3C18526CB700F6DDAD /* InfoPlist.strings */; };
		48093F4018526CB700F6DDAD /* BLETesterTests.m in Sources */ = {isa = PBXBuildFile; fileRef = 48093F3F18526CB700F6DDAD /* BLETesterTests.m */; };
		48093F4C1853BB3B00F6DDAD /* MultiViewController.m in Sources */ = {isa = PBXBuildFile; fileRef = 48093F4B1853BB3B00F6DDAD /* MultiViewController.m */; };
		48093F4F1853BB4800F6DDAD /* VotingViewController.m in Sources */ = {isa = PBXBuildFile; fileRef = 48093F4E1853BB4800F6DDAD /* VotingViewController.m */; };
		48093F521853BB6500F6DDAD /* TimerViewController.m in Sources */ = {isa = PBXBuildFile; fileRef = 48093F511853BB6500F6DDAD /* TimerViewController.m */; };
		48A703791853C1C20031D119 /* BMBeaconRules.m in Sources */ = {isa = PBXBuildFile; fileRef = 48A703781853C1C20031D119 /* BMBeaconRules.m */; };
		48A7037D1853DA390031D119 /* EnterExitRule.m in Sources */ = {isa = PBXBuildFile; fileRef = 48A7037C1853DA390031D119 /* EnterExitRule.m */; };
		48A703801853DCF60031D119 /* ProximityRule.m in Sources */ = {isa = PBXBuildFile; fileRef = 48A7037F1853DCF60031D119 /* ProximityRule.m */; };
		48A703831853DE0F0031D119 /* ProximityTimerRule.m in Sources */ = {isa = PBXBuildFile; fileRef = 48A703821853DE0F0031D119 /* ProximityTimerRule.m */; };
		EFEC49CF92AC4A528B149DE8 /* libPods.a in Frameworks */ = {isa = PBXBuildFile; fileRef = F42D6CB8B9A041229DFE5619 /* libPods.a */; };
/* End PBXBuildFile section */

/* Begin PBXContainerItemProxy section */
		48093F3718526CB700F6DDAD /* PBXContainerItemProxy */ = {
			isa = PBXContainerItemProxy;
			containerPortal = 48093F0618526CB700F6DDAD /* Project object */;
			proxyType = 1;
			remoteGlobalIDString = 48093F0D18526CB700F6DDAD;
			remoteInfo = BLETester;
		};
/* End PBXContainerItemProxy section */

/* Begin PBXFileReference section */
		48093F0E18526CB700F6DDAD /* BMBeaconRules.app */ = {isa = PBXFileReference; explicitFileType = wrapper.application; includeInIndex = 0; path = BMBeaconRules.app; sourceTree = BUILT_PRODUCTS_DIR; };
		48093F1118526CB700F6DDAD /* Foundation.framework */ = {isa = PBXFileReference; lastKnownFileType = wrapper.framework; name = Foundation.framework; path = System/Library/Frameworks/Foundation.framework; sourceTree = SDKROOT; };
		48093F1318526CB700F6DDAD /* CoreGraphics.framework */ = {isa = PBXFileReference; lastKnownFileType = wrapper.framework; name = CoreGraphics.framework; path = System/Library/Frameworks/CoreGraphics.framework; sourceTree = SDKROOT; };
		48093F1518526CB700F6DDAD /* UIKit.framework */ = {isa = PBXFileReference; lastKnownFileType = wrapper.framework; name = UIKit.framework; path = System/Library/Frameworks/UIKit.framework; sourceTree = SDKROOT; };
		48093F1918526CB700F6DDAD /* BMBeaconRules-Info.plist */ = {isa = PBXFileReference; lastKnownFileType = text.plist.xml; path = "BMBeaconRules-Info.plist"; sourceTree = "<group>"; };
		48093F1B18526CB700F6DDAD /* en */ = {isa = PBXFileReference; lastKnownFileType = text.plist.strings; name = en; path = en.lproj/InfoPlist.strings; sourceTree = "<group>"; };
		48093F1D18526CB700F6DDAD /* main.m */ = {isa = PBXFileReference; lastKnownFileType = sourcecode.c.objc; path = main.m; sourceTree = "<group>"; };
		48093F1F18526CB700F6DDAD /* BMBeaconRules-Prefix.pch */ = {isa = PBXFileReference; lastKnownFileType = sourcecode.c.h; path = "BMBeaconRules-Prefix.pch"; sourceTree = "<group>"; };
		48093F2018526CB700F6DDAD /* AppDelegate.h */ = {isa = PBXFileReference; lastKnownFileType = sourcecode.c.h; path = AppDelegate.h; sourceTree = "<group>"; };
		48093F2118526CB700F6DDAD /* AppDelegate.m */ = {isa = PBXFileReference; lastKnownFileType = sourcecode.c.objc; path = AppDelegate.m; sourceTree = "<group>"; };
		48093F2418526CB700F6DDAD /* Base */ = {isa = PBXFileReference; lastKnownFileType = file.storyboard; name = Base; path = Base.lproj/Main_iPhone.storyboard; sourceTree = "<group>"; };
		48093F2C18526CB700F6DDAD /* Images.xcassets */ = {isa = PBXFileReference; lastKnownFileType = folder.assetcatalog; path = Images.xcassets; sourceTree = "<group>"; };
		48093F3218526CB700F6DDAD /* BeaconerTests.xctest */ = {isa = PBXFileReference; explicitFileType = wrapper.cfbundle; includeInIndex = 0; path = BeaconerTests.xctest; sourceTree = BUILT_PRODUCTS_DIR; };
		48093F3318526CB700F6DDAD /* XCTest.framework */ = {isa = PBXFileReference; lastKnownFileType = wrapper.framework; name = XCTest.framework; path = Library/Frameworks/XCTest.framework; sourceTree = DEVELOPER_DIR; };
		48093F3B18526CB700F6DDAD /* BeaconerTests-Info.plist */ = {isa = PBXFileReference; lastKnownFileType = text.plist.xml; path = "BeaconerTests-Info.plist"; sourceTree = "<group>"; };
		48093F3D18526CB700F6DDAD /* en */ = {isa = PBXFileReference; lastKnownFileType = text.plist.strings; name = en; path = en.lproj/InfoPlist.strings; sourceTree = "<group>"; };
		48093F3F18526CB700F6DDAD /* BLETesterTests.m */ = {isa = PBXFileReference; lastKnownFileType = sourcecode.c.objc; path = BLETesterTests.m; sourceTree = "<group>"; };
		48093F4A1853BB3B00F6DDAD /* MultiViewController.h */ = {isa = PBXFileReference; fileEncoding = 4; lastKnownFileType = sourcecode.c.h; name = MultiViewController.h; path = Classes/MultiViewController.h; sourceTree = "<group>"; };
		48093F4B1853BB3B00F6DDAD /* MultiViewController.m */ = {isa = PBXFileReference; fileEncoding = 4; lastKnownFileType = sourcecode.c.objc; name = MultiViewController.m; path = Classes/MultiViewController.m; sourceTree = "<group>"; };
		48093F4D1853BB4800F6DDAD /* VotingViewController.h */ = {isa = PBXFileReference; fileEncoding = 4; lastKnownFileType = sourcecode.c.h; name = VotingViewController.h; path = Classes/VotingViewController.h; sourceTree = "<group>"; };
		48093F4E1853BB4800F6DDAD /* VotingViewController.m */ = {isa = PBXFileReference; fileEncoding = 4; lastKnownFileType = sourcecode.c.objc; name = VotingViewController.m; path = Classes/VotingViewController.m; sourceTree = "<group>"; };
		48093F501853BB6500F6DDAD /* TimerViewController.h */ = {isa = PBXFileReference; fileEncoding = 4; lastKnownFileType = sourcecode.c.h; name = TimerViewController.h; path = Classes/TimerViewController.h; sourceTree = "<group>"; };
		48093F511853BB6500F6DDAD /* TimerViewController.m */ = {isa = PBXFileReference; fileEncoding = 4; lastKnownFileType = sourcecode.c.objc; name = TimerViewController.m; path = Classes/TimerViewController.m; sourceTree = "<group>"; };
		48A703771853C1C20031D119 /* BMBeaconRules.h */ = {isa = PBXFileReference; fileEncoding = 4; lastKnownFileType = sourcecode.c.h; name = BMBeaconRules.h; path = Classes/BMBeaconRules.h; sourceTree = "<group>"; };
		48A703781853C1C20031D119 /* BMBeaconRules.m */ = {isa = PBXFileReference; fileEncoding = 4; lastKnownFileType = sourcecode.c.objc; name = BMBeaconRules.m; path = Classes/BMBeaconRules.m; sourceTree = "<group>"; };
		48A7037B1853DA390031D119 /* EnterExitRule.h */ = {isa = PBXFileReference; fileEncoding = 4; lastKnownFileType = sourcecode.c.h; name = EnterExitRule.h; path = Classes/EnterExitRule.h; sourceTree = "<group>"; };
		48A7037C1853DA390031D119 /* EnterExitRule.m */ = {isa = PBXFileReference; fileEncoding = 4; lastKnownFileType = sourcecode.c.objc; name = EnterExitRule.m; path = Classes/EnterExitRule.m; sourceTree = "<group>"; };
		48A7037E1853DCF60031D119 /* ProximityRule.h */ = {isa = PBXFileReference; fileEncoding = 4; lastKnownFileType = sourcecode.c.h; name = ProximityRule.h; path = Classes/ProximityRule.h; sourceTree = "<group>"; };
		48A7037F1853DCF60031D119 /* ProximityRule.m */ = {isa = PBXFileReference; fileEncoding = 4; lastKnownFileType = sourcecode.c.objc; name = ProximityRule.m; path = Classes/ProximityRule.m; sourceTree = "<group>"; };
		48A703811853DE0F0031D119 /* ProximityTimerRule.h */ = {isa = PBXFileReference; fileEncoding = 4; lastKnownFileType = sourcecode.c.h; name = ProximityTimerRule.h; path = Classes/ProximityTimerRule.h; sourceTree = "<group>"; };
		48A703821853DE0F0031D119 /* ProximityTimerRule.m */ = {isa = PBXFileReference; fileEncoding = 4; lastKnownFileType = sourcecode.c.objc; name = ProximityTimerRule.m; path = Classes/ProximityTimerRule.m; sourceTree = "<group>"; };
		E352FFE2D24C4ED4B7CFFA7D /* Pods.xcconfig */ = {isa = PBXFileReference; includeInIndex = 1; lastKnownFileType = text.xcconfig; name = Pods.xcconfig; path = Pods/Pods.xcconfig; sourceTree = "<group>"; };
		F42D6CB8B9A041229DFE5619 /* libPods.a */ = {isa = PBXFileReference; explicitFileType = archive.ar; includeInIndex = 0; path = libPods.a; sourceTree = BUILT_PRODUCTS_DIR; };
/* End PBXFileReference section */

/* Begin PBXFrameworksBuildPhase section */
		48093F0B18526CB700F6DDAD /* Frameworks */ = {
			isa = PBXFrameworksBuildPhase;
			buildActionMask = 2147483647;
			files = (
				48093F1418526CB700F6DDAD /* CoreGraphics.framework in Frameworks */,
				48093F1618526CB700F6DDAD /* UIKit.framework in Frameworks */,
				48093F1218526CB700F6DDAD /* Foundation.framework in Frameworks */,
				EFEC49CF92AC4A528B149DE8 /* libPods.a in Frameworks */,
			);
			runOnlyForDeploymentPostprocessing = 0;
		};
		48093F2F18526CB700F6DDAD /* Frameworks */ = {
			isa = PBXFrameworksBuildPhase;
			buildActionMask = 2147483647;
			files = (
				48093F3418526CB700F6DDAD /* XCTest.framework in Frameworks */,
				48093F3618526CB700F6DDAD /* UIKit.framework in Frameworks */,
				48093F3518526CB700F6DDAD /* Foundation.framework in Frameworks */,
			);
			runOnlyForDeploymentPostprocessing = 0;
		};
/* End PBXFrameworksBuildPhase section */

/* Begin PBXGroup section */
		48093F0518526CB700F6DDAD = {
			isa = PBXGroup;
			children = (
				48093F1718526CB700F6DDAD /* Beaconer */,
				48093F3918526CB700F6DDAD /* BeaconerTests */,
				48093F1018526CB700F6DDAD /* Frameworks */,
				48093F0F18526CB700F6DDAD /* Products */,
				E352FFE2D24C4ED4B7CFFA7D /* Pods.xcconfig */,
			);
			sourceTree = "<group>";
		};
		48093F0F18526CB700F6DDAD /* Products */ = {
			isa = PBXGroup;
			children = (
				48093F0E18526CB700F6DDAD /* BMBeaconRules.app */,
				48093F3218526CB700F6DDAD /* BeaconerTests.xctest */,
			);
			name = Products;
			sourceTree = "<group>";
		};
		48093F1018526CB700F6DDAD /* Frameworks */ = {
			isa = PBXGroup;
			children = (
				48093F1118526CB700F6DDAD /* Foundation.framework */,
				48093F1318526CB700F6DDAD /* CoreGraphics.framework */,
				48093F1518526CB700F6DDAD /* UIKit.framework */,
				48093F3318526CB700F6DDAD /* XCTest.framework */,
				F42D6CB8B9A041229DFE5619 /* libPods.a */,
			);
			name = Frameworks;
			sourceTree = "<group>";
		};
		48093F1718526CB700F6DDAD /* Beaconer */ = {
			isa = PBXGroup;
			children = (
				48A7037A1853D89C0031D119 /* BMBeaconRules */,
				48093F491853BB1800F6DDAD /* View Controllers */,
				48093F2018526CB700F6DDAD /* AppDelegate.h */,
				48093F2118526CB700F6DDAD /* AppDelegate.m */,
				48093F2318526CB700F6DDAD /* Main_iPhone.storyboard */,
				48093F2C18526CB700F6DDAD /* Images.xcassets */,
				48093F1818526CB700F6DDAD /* Supporting Files */,
			);
			name = Beaconer;
			path = BMBeaconRules;
			sourceTree = "<group>";
		};
		48093F1818526CB700F6DDAD /* Supporting Files */ = {
			isa = PBXGroup;
			children = (
				48093F1918526CB700F6DDAD /* BMBeaconRules-Info.plist */,
				48093F1A18526CB700F6DDAD /* InfoPlist.strings */,
				48093F1D18526CB700F6DDAD /* main.m */,
				48093F1F18526CB700F6DDAD /* BMBeaconRules-Prefix.pch */,
			);
			name = "Supporting Files";
			sourceTree = "<group>";
		};
		48093F3918526CB700F6DDAD /* BeaconerTests */ = {
			isa = PBXGroup;
			children = (
				48093F3F18526CB700F6DDAD /* BLETesterTests.m */,
				48093F3A18526CB700F6DDAD /* Supporting Files */,
			);
			name = BeaconerTests;
			path = BMBeaconRulesTests;
			sourceTree = "<group>";
		};
		48093F3A18526CB700F6DDAD /* Supporting Files */ = {
			isa = PBXGroup;
			children = (
				48093F3B18526CB700F6DDAD /* BeaconerTests-Info.plist */,
				48093F3C18526CB700F6DDAD /* InfoPlist.strings */,
			);
			name = "Supporting Files";
			sourceTree = "<group>";
		};
		48093F491853BB1800F6DDAD /* View Controllers */ = {
			isa = PBXGroup;
			children = (
				48093F4A1853BB3B00F6DDAD /* MultiViewController.h */,
				48093F4B1853BB3B00F6DDAD /* MultiViewController.m */,
				48093F4D1853BB4800F6DDAD /* VotingViewController.h */,
				48093F4E1853BB4800F6DDAD /* VotingViewController.m */,
				48093F501853BB6500F6DDAD /* TimerViewController.h */,
				48093F511853BB6500F6DDAD /* TimerViewController.m */,
			);
			name = "View Controllers";
			sourceTree = "<group>";
		};
		48A7037A1853D89C0031D119 /* BMBeaconRules */ = {
			isa = PBXGroup;
			children = (
				48A703771853C1C20031D119 /* BMBeaconRules.h */,
				48A703781853C1C20031D119 /* BMBeaconRules.m */,
				48A7037B1853DA390031D119 /* EnterExitRule.h */,
				48A7037C1853DA390031D119 /* EnterExitRule.m */,
				48A7037E1853DCF60031D119 /* ProximityRule.h */,
				48A7037F1853DCF60031D119 /* ProximityRule.m */,
				48A703811853DE0F0031D119 /* ProximityTimerRule.h */,
				48A703821853DE0F0031D119 /* ProximityTimerRule.m */,
			);
			name = BMBeaconRules;
			sourceTree = "<group>";
		};
/* End PBXGroup section */

/* Begin PBXNativeTarget section */
		48093F0D18526CB700F6DDAD /* BMBeaconRules */ = {
			isa = PBXNativeTarget;
			buildConfigurationList = 48093F4318526CB700F6DDAD /* Build configuration list for PBXNativeTarget "BMBeaconRules" */;
			buildPhases = (
				11CEF4E4B9D3473D8261E335 /* Check Pods Manifest.lock */,
				48093F0A18526CB700F6DDAD /* Sources */,
				48093F0B18526CB700F6DDAD /* Frameworks */,
				48093F0C18526CB700F6DDAD /* Resources */,
				8DB12B833C9D42399EA7A972 /* Copy Pods Resources */,
			);
			buildRules = (
			);
			dependencies = (
			);
			name = BMBeaconRules;
			productName = BLETester;
			productReference = 48093F0E18526CB700F6DDAD /* BMBeaconRules.app */;
			productType = "com.apple.product-type.application";
		};
		48093F3118526CB700F6DDAD /* BeaconerTests */ = {
			isa = PBXNativeTarget;
			buildConfigurationList = 48093F4618526CB700F6DDAD /* Build configuration list for PBXNativeTarget "BeaconerTests" */;
			buildPhases = (
				48093F2E18526CB700F6DDAD /* Sources */,
				48093F2F18526CB700F6DDAD /* Frameworks */,
				48093F3018526CB700F6DDAD /* Resources */,
			);
			buildRules = (
			);
			dependencies = (
				48093F3818526CB700F6DDAD /* PBXTargetDependency */,
			);
			name = BeaconerTests;
			productName = BLETesterTests;
			productReference = 48093F3218526CB700F6DDAD /* BeaconerTests.xctest */;
			productType = "com.apple.product-type.bundle.unit-test";
		};
/* End PBXNativeTarget section */

/* Begin PBXProject section */
		48093F0618526CB700F6DDAD /* Project object */ = {
			isa = PBXProject;
			attributes = {
				LastUpgradeCheck = 0500;
				ORGANIZATIONNAME = "Brian Michel";
				TargetAttributes = {
					48093F3118526CB700F6DDAD = {
						TestTargetID = 48093F0D18526CB700F6DDAD;
					};
				};
			};
			buildConfigurationList = 48093F0918526CB700F6DDAD /* Build configuration list for PBXProject "BMBeaconRules" */;
			compatibilityVersion = "Xcode 3.2";
			developmentRegion = English;
			hasScannedForEncodings = 0;
			knownRegions = (
				en,
				Base,
			);
			mainGroup = 48093F0518526CB700F6DDAD;
			productRefGroup = 48093F0F18526CB700F6DDAD /* Products */;
			projectDirPath = "";
			projectRoot = "";
			targets = (
				48093F0D18526CB700F6DDAD /* BMBeaconRules */,
				48093F3118526CB700F6DDAD /* BeaconerTests */,
			);
		};
/* End PBXProject section */

/* Begin PBXResourcesBuildPhase section */
		48093F0C18526CB700F6DDAD /* Resources */ = {
			isa = PBXResourcesBuildPhase;
			buildActionMask = 2147483647;
			files = (
				48093F2D18526CB700F6DDAD /* Images.xcassets in Resources */,
				48093F2518526CB700F6DDAD /* Main_iPhone.storyboard in Resources */,
				48093F1C18526CB700F6DDAD /* InfoPlist.strings in Resources */,
			);
			runOnlyForDeploymentPostprocessing = 0;
		};
		48093F3018526CB700F6DDAD /* Resources */ = {
			isa = PBXResourcesBuildPhase;
			buildActionMask = 2147483647;
			files = (
				48093F3E18526CB700F6DDAD /* InfoPlist.strings in Resources */,
			);
			runOnlyForDeploymentPostprocessing = 0;
		};
/* End PBXResourcesBuildPhase section */

/* Begin PBXShellScriptBuildPhase section */
		11CEF4E4B9D3473D8261E335 /* Check Pods Manifest.lock */ = {
			isa = PBXShellScriptBuildPhase;
			buildActionMask = 2147483647;
			files = (
			);
			inputPaths = (
			);
			name = "Check Pods Manifest.lock";
			outputPaths = (
			);
			runOnlyForDeploymentPostprocessing = 0;
			shellPath = /bin/sh;
			shellScript = "diff \"${PODS_ROOT}/../Podfile.lock\" \"${PODS_ROOT}/Manifest.lock\" > /dev/null\nif [[ $? != 0 ]] ; then\n    cat << EOM\nerror: The sandbox is not in sync with the Podfile.lock. Run 'pod install' or update your CocoaPods installation.\nEOM\n    exit 1\nfi\n";
			showEnvVarsInLog = 0;
		};
		8DB12B833C9D42399EA7A972 /* Copy Pods Resources */ = {
			isa = PBXShellScriptBuildPhase;
			buildActionMask = 2147483647;
			files = (
			);
			inputPaths = (
			);
			name = "Copy Pods Resources";
			outputPaths = (
			);
			runOnlyForDeploymentPostprocessing = 0;
			shellPath = /bin/sh;
			shellScript = "\"${SRCROOT}/Pods/Pods-resources.sh\"\n";
			showEnvVarsInLog = 0;
		};
/* End PBXShellScriptBuildPhase section */

/* Begin PBXSourcesBuildPhase section */
		48093F0A18526CB700F6DDAD /* Sources */ = {
			isa = PBXSourcesBuildPhase;
			buildActionMask = 2147483647;
			files = (
				48093F521853BB6500F6DDAD /* TimerViewController.m in Sources */,
				48A703831853DE0F0031D119 /* ProximityTimerRule.m in Sources */,
				48093F4F1853BB4800F6DDAD /* VotingViewController.m in Sources */,
				48A7037D1853DA390031D119 /* EnterExitRule.m in Sources */,
				48A703791853C1C20031D119 /* BMBeaconRules.m in Sources */,
				48A703801853DCF60031D119 /* ProximityRule.m in Sources */,
				48093F2218526CB700F6DDAD /* AppDelegate.m in Sources */,
				48093F4C1853BB3B00F6DDAD /* MultiViewController.m in Sources */,
				48093F1E18526CB700F6DDAD /* main.m in Sources */,
			);
			runOnlyForDeploymentPostprocessing = 0;
		};
		48093F2E18526CB700F6DDAD /* Sources */ = {
			isa = PBXSourcesBuildPhase;
			buildActionMask = 2147483647;
			files = (
				48093F4018526CB700F6DDAD /* BLETesterTests.m in Sources */,
			);
			runOnlyForDeploymentPostprocessing = 0;
		};
/* End PBXSourcesBuildPhase section */

/* Begin PBXTargetDependency section */
		48093F3818526CB700F6DDAD /* PBXTargetDependency */ = {
			isa = PBXTargetDependency;
			target = 48093F0D18526CB700F6DDAD /* BMBeaconRules */;
			targetProxy = 48093F3718526CB700F6DDAD /* PBXContainerItemProxy */;
		};
/* End PBXTargetDependency section */

/* Begin PBXVariantGroup section */
		48093F1A18526CB700F6DDAD /* InfoPlist.strings */ = {
			isa = PBXVariantGroup;
			children = (
				48093F1B18526CB700F6DDAD /* en */,
			);
			name = InfoPlist.strings;
			sourceTree = "<group>";
		};
		48093F2318526CB700F6DDAD /* Main_iPhone.storyboard */ = {
			isa = PBXVariantGroup;
			children = (
				48093F2418526CB700F6DDAD /* Base */,
			);
			name = Main_iPhone.storyboard;
			sourceTree = "<group>";
		};
		48093F3C18526CB700F6DDAD /* InfoPlist.strings */ = {
			isa = PBXVariantGroup;
			children = (
				48093F3D18526CB700F6DDAD /* en */,
			);
			name = InfoPlist.strings;
			sourceTree = "<group>";
		};
/* End PBXVariantGroup section */

/* Begin XCBuildConfiguration section */
		48093F4118526CB700F6DDAD /* Debug */ = {
			isa = XCBuildConfiguration;
			buildSettings = {
				ALWAYS_SEARCH_USER_PATHS = NO;
				ARCHS = "$(ARCHS_STANDARD_INCLUDING_64_BIT)";
				CLANG_CXX_LANGUAGE_STANDARD = "gnu++0x";
				CLANG_CXX_LIBRARY = "libc++";
				CLANG_ENABLE_MODULES = YES;
				CLANG_ENABLE_OBJC_ARC = YES;
				CLANG_WARN_BOOL_CONVERSION = YES;
				CLANG_WARN_CONSTANT_CONVERSION = YES;
				CLANG_WARN_DIRECT_OBJC_ISA_USAGE = YES_ERROR;
				CLANG_WARN_EMPTY_BODY = YES;
				CLANG_WARN_ENUM_CONVERSION = YES;
				CLANG_WARN_INT_CONVERSION = YES;
				CLANG_WARN_OBJC_ROOT_CLASS = YES_ERROR;
				CLANG_WARN__DUPLICATE_METHOD_MATCH = YES;
				"CODE_SIGN_IDENTITY[sdk=iphoneos*]" = "iPhone Developer";
				COPY_PHASE_STRIP = NO;
				GCC_C_LANGUAGE_STANDARD = gnu99;
				GCC_DYNAMIC_NO_PIC = NO;
				GCC_OPTIMIZATION_LEVEL = 0;
				GCC_PREPROCESSOR_DEFINITIONS = (
					"DEBUG=1",
					"$(inherited)",
				);
				GCC_SYMBOLS_PRIVATE_EXTERN = NO;
				GCC_WARN_64_TO_32_BIT_CONVERSION = YES;
				GCC_WARN_ABOUT_RETURN_TYPE = YES_ERROR;
				GCC_WARN_UNDECLARED_SELECTOR = YES;
				GCC_WARN_UNINITIALIZED_AUTOS = YES;
				GCC_WARN_UNUSED_FUNCTION = YES;
				GCC_WARN_UNUSED_VARIABLE = YES;
				IPHONEOS_DEPLOYMENT_TARGET = 7.0;
				ONLY_ACTIVE_ARCH = YES;
				SDKROOT = iphoneos;
				TARGETED_DEVICE_FAMILY = "1,2";
			};
			name = Debug;
		};
		48093F4218526CB700F6DDAD /* Release */ = {
			isa = XCBuildConfiguration;
			buildSettings = {
				ALWAYS_SEARCH_USER_PATHS = NO;
				ARCHS = "$(ARCHS_STANDARD_INCLUDING_64_BIT)";
				CLANG_CXX_LANGUAGE_STANDARD = "gnu++0x";
				CLANG_CXX_LIBRARY = "libc++";
				CLANG_ENABLE_MODULES = YES;
				CLANG_ENABLE_OBJC_ARC = YES;
				CLANG_WARN_BOOL_CONVERSION = YES;
				CLANG_WARN_CONSTANT_CONVERSION = YES;
				CLANG_WARN_DIRECT_OBJC_ISA_USAGE = YES_ERROR;
				CLANG_WARN_EMPTY_BODY = YES;
				CLANG_WARN_ENUM_CONVERSION = YES;
				CLANG_WARN_INT_CONVERSION = YES;
				CLANG_WARN_OBJC_ROOT_CLASS = YES_ERROR;
				CLANG_WARN__DUPLICATE_METHOD_MATCH = YES;
				"CODE_SIGN_IDENTITY[sdk=iphoneos*]" = "iPhone Developer";
				COPY_PHASE_STRIP = YES;
				ENABLE_NS_ASSERTIONS = NO;
				GCC_C_LANGUAGE_STANDARD = gnu99;
				GCC_WARN_64_TO_32_BIT_CONVERSION = YES;
				GCC_WARN_ABOUT_RETURN_TYPE = YES_ERROR;
				GCC_WARN_UNDECLARED_SELECTOR = YES;
				GCC_WARN_UNINITIALIZED_AUTOS = YES;
				GCC_WARN_UNUSED_FUNCTION = YES;
				GCC_WARN_UNUSED_VARIABLE = YES;
				IPHONEOS_DEPLOYMENT_TARGET = 7.0;
				SDKROOT = iphoneos;
				TARGETED_DEVICE_FAMILY = "1,2";
				VALIDATE_PRODUCT = YES;
			};
			name = Release;
		};
		48093F4418526CB700F6DDAD /* Debug */ = {
			isa = XCBuildConfiguration;
			baseConfigurationReference = E352FFE2D24C4ED4B7CFFA7D /* Pods.xcconfig */;
			buildSettings = {
				ASSETCATALOG_COMPILER_APPICON_NAME = AppIcon;
				ASSETCATALOG_COMPILER_LAUNCHIMAGE_NAME = LaunchImage;
				GCC_PRECOMPILE_PREFIX_HEADER = YES;
				GCC_PREFIX_HEADER = "BMBeaconRules/BMBeaconRules-Prefix.pch";
				INFOPLIST_FILE = "BMBeaconRules/BMBeaconRules-Info.plist";
				PRODUCT_NAME = BMBeaconRules;
				TARGETED_DEVICE_FAMILY = 1;
				WRAPPER_EXTENSION = app;
			};
			name = Debug;
		};
		48093F4518526CB700F6DDAD /* Release */ = {
			isa = XCBuildConfiguration;
			baseConfigurationReference = E352FFE2D24C4ED4B7CFFA7D /* Pods.xcconfig */;
			buildSettings = {
				ASSETCATALOG_COMPILER_APPICON_NAME = AppIcon;
				ASSETCATALOG_COMPILER_LAUNCHIMAGE_NAME = LaunchImage;
				GCC_PRECOMPILE_PREFIX_HEADER = YES;
				GCC_PREFIX_HEADER = "BMBeaconRules/BMBeaconRules-Prefix.pch";
				INFOPLIST_FILE = "BMBeaconRules/BMBeaconRules-Info.plist";
				PRODUCT_NAME = BMBeaconRules;
				TARGETED_DEVICE_FAMILY = 1;
				WRAPPER_EXTENSION = app;
			};
			name = Release;
		};
		48093F4718526CB700F6DDAD /* Debug */ = {
			isa = XCBuildConfiguration;
			buildSettings = {
				ARCHS = "$(ARCHS_STANDARD_INCLUDING_64_BIT)";
				BUNDLE_LOADER = "$(BUILT_PRODUCTS_DIR)/BLETester.app/BLETester";
				FRAMEWORK_SEARCH_PATHS = (
					"$(SDKROOT)/Developer/Library/Frameworks",
					"$(inherited)",
					"$(DEVELOPER_FRAMEWORKS_DIR)",
				);
				GCC_PRECOMPILE_PREFIX_HEADER = YES;
				GCC_PREFIX_HEADER = "BLETester/BLETester-Prefix.pch";
				GCC_PREPROCESSOR_DEFINITIONS = (
					"DEBUG=1",
					"$(inherited)",
				);
				INFOPLIST_FILE = "BLETesterTests/BeaconerTests-Info.plist";
				PRODUCT_NAME = BeaconerTests;
				TEST_HOST = "$(BUNDLE_LOADER)";
				WRAPPER_EXTENSION = xctest;
			};
			name = Debug;
		};
		48093F4818526CB700F6DDAD /* Release */ = {
			isa = XCBuildConfiguration;
			buildSettings = {
				ARCHS = "$(ARCHS_STANDARD_INCLUDING_64_BIT)";
				BUNDLE_LOADER = "$(BUILT_PRODUCTS_DIR)/BLETester.app/BLETester";
				FRAMEWORK_SEARCH_PATHS = (
					"$(SDKROOT)/Developer/Library/Frameworks",
					"$(inherited)",
					"$(DEVELOPER_FRAMEWORKS_DIR)",
				);
				GCC_PRECOMPILE_PREFIX_HEADER = YES;
				GCC_PREFIX_HEADER = "BLETester/BLETester-Prefix.pch";
				INFOPLIST_FILE = "BLETesterTests/BeaconerTests-Info.plist";
				PRODUCT_NAME = BeaconerTests;
				TEST_HOST = "$(BUNDLE_LOADER)";
				WRAPPER_EXTENSION = xctest;
			};
			name = Release;
		};
/* End XCBuildConfiguration section */

/* Begin XCConfigurationList section */
		48093F0918526CB700F6DDAD /* Build configuration list for PBXProject "BMBeaconRules" */ = {
			isa = XCConfigurationList;
			buildConfigurations = (
				48093F4118526CB700F6DDAD /* Debug */,
				48093F4218526CB700F6DDAD /* Release */,
			);
			defaultConfigurationIsVisible = 0;
			defaultConfigurationName = Release;
		};
		48093F4318526CB700F6DDAD /* Build configuration list for PBXNativeTarget "BMBeaconRules" */ = {
			isa = XCConfigurationList;
			buildConfigurations = (
				48093F4418526CB700F6DDAD /* Debug */,
				48093F4518526CB700F6DDAD /* Release */,
			);
			defaultConfigurationIsVisible = 0;
			defaultConfigurationName = Release;
		};
		48093F4618526CB700F6DDAD /* Build configuration list for PBXNativeTarget "BeaconerTests" */ = {
			isa = XCConfigurationList;
			buildConfigurations = (
				48093F4718526CB700F6DDAD /* Debug */,
				48093F4818526CB700F6DDAD /* Release */,
			);
			defaultConfigurationIsVisible = 0;
			defaultConfigurationName = Release;
		};
/* End XCConfigurationList section */
	};
	rootObject = 48093F0618526CB700F6DDAD /* Project object */;
}
